# This file is autogenerated, do not edit; changes may be undone by the next 'dep ensure'.


[[projects]]
  name = "github.com/dgrijalva/jwt-go"
  packages = ["."]
  revision = "d2709f9f1f31ebcda9651b03077758c1f3a0018c"
  version = "v3.0.0"

[[projects]]
  name = "github.com/labstack/echo"
  packages = [".","middleware"]
  revision = "b338075a0fc6e1a0683dbf03d09b4957a289e26f"
  version = "3.2.6"

[[projects]]
  name = "github.com/labstack/gommon"
  packages = ["bytes","color","log","random"]
  revision = "57409ada9da0f2afad6664c49502f8c50fbd8476"
  version = "0.2.3"

[[projects]]
  branch = "master"
  name = "github.com/mattn/go-colorable"
  packages = ["."]
  revision = "6cc8b475d4682021d75d2cbe2bc481bec4ce98e5"

[[projects]]
  name = "github.com/mattn/go-isatty"
  packages = ["."]
  revision = "fc9e8d8ef48496124e79ae0df75490096eccf6fe"
  version = "v0.0.2"

[[projects]]
  branch = "master"
  name = "github.com/valyala/bytebufferpool"
  packages = ["."]
  revision = "e746df99fe4a3986f4d4f79e13c1e0117ce9c2f7"

[[projects]]
  branch = "master"
  name = "github.com/valyala/fasttemplate"
  packages = ["."]
  revision = "dcecefd839c4193db0d35b88ec65b4c12d360ab0"

[[projects]]
  branch = "master"
  name = "go.opencensus.io"
  packages = ["plugin/http/httptrace","trace","trace/propagation"]
  revision = "2191e3e86ea6a0d94dcf946813ce50cb3b88502f"

[[projects]]
  branch = "master"
  name = "golang.org/x/crypto"
  packages = ["acme","acme/autocert"]
  revision = "a6600008915114d9c087fad9f03d75087b1a74df"

[[projects]]
  name = "golang.org/x/sys"
  packages = ["unix"]
  revision = "d4feaf1a7e61e1d9e79e6c4e76c6349e9cab0a03"

[solve-meta]
  analyzer-name = "dep"
  analyzer-version = 1
  inputs-digest = "ae2435c4aa9f7ea7e54f570cc06689563f68fb058d6d27e87dd9f60687c2dc57"
  solver-name = "gps-cdcl"
  solver-version = 1
